<?xml version="1.0" encoding="utf-8"?>
<Project ToolsVersion="4.0" xmlns="http://schemas.microsoft.com/developer/msbuild/2003">
  <ItemGroup>
    <Filter Include="cpp">
      <UniqueIdentifier>{3D1C44B8-6ABB-42F4-8832-51861CAE6B87}</UniqueIdentifier>
    </Filter>
  </ItemGroup>
  <ItemGroup>
    <ClCompile Include=".\cpp\prove.cpp">
      <Filter>cpp</Filter>
    </ClCompile>
    <ClCompile Include="..\macro\src\bridge.cpp">
      <Filter>cpp</Filter>
    </ClCompile>
  </ItemGroup>
  <ItemGroup>
    <ClInclude Include="cpp\rust_spt.h">
      <Filter>cpp</Filter>
    </ClInclude>
  </ItemGroup>
</Project>